
Microsoft Visual Studio Solution File, Format Version 12.00
# Visual Studio Version 17
VisualStudioVersion = 17.11.35219.272
MinimumVisualStudioVersion = 10.0.40219.1
Project("{FAE04EC0-301F-11D3-BF4B-00C04F79EFBC}") = "Classes_st", "Classes_st.csproj", "{C32255E4-0F56-438D-8DE0-BB1256895B42}"
EndProject
Global
	GlobalSection(SolutionConfigurationPlatforms) = preSolution
		Debug|Any CPU = Debug|Any CPU
		Release|Any CPU = Release|Any CPU
	EndGlobalSection
	GlobalSection(ProjectConfigurationPlatforms) = postSolution
		{C32255E4-0F56-438D-8DE0-BB1256895B42}.Debug|Any CPU.ActiveCfg = Debug|Any CPU
		{C32255E4-0F56-438D-8DE0-BB1256895B42}.Debug|Any CPU.Build.0 = Debug|Any CPU
		{C32255E4-0F56-438D-8DE0-BB1256895B42}.Release|Any CPU.ActiveCfg = Release|Any CPU
		{C32255E4-0F56-438D-8DE0-BB1256895B42}.Release|Any CPU.Build.0 = Release|Any CPU
	EndGlobalSection
	GlobalSection(SolutionProperties) = preSolution
		HideSolutionNode = FALSE
	EndGlobalSection
	GlobalSection(ExtensibilityGlobals) = postSolution
		SolutionGuid = {A00FEDCD-950F-4C4E-8B4E-37B5B5BC0A84}
	EndGlobalSection
EndGlobal
